{
    "_meta": {
        "hash": {
            "sha256": "37ead84086bfdb4c431d8a41dd541dc4dfc5cc81be36d55e939a693db4935db4"
        },
        "pipfile-spec": 6,
        "requires": {
            "python_version": "3.7"
        },
        "sources": [
            {
                "name": "pypi",
                "url": "https://pypi.org/simple",
                "verify_ssl": true
            }
        ]
    },
    "default": {
        "python-logstash": {
            "hashes": [
                "sha256:10943e5df83f592b4d61b63ad1afff855ccc8c9467f78718f0a59809ba1fe68c"
            ],
            "index": "pypi",
            "version": "==0.4.6"
        }
    },
    "develop": {}
}
